
Microsoft Visual Studio Solution File, Format Version 12.00
# Visual Studio Version 16
VisualStudioVersion = 25.0.1706.5
MinimumVisualStudioVersion = 10.0.40219.1
Project("{FAE04EC0-301F-11D3-BF4B-00C04F79EFBC}") = "CleanArch.Domain", "CleanArch.Domain\CleanArch.Domain.csproj", "{AEDBE09C-DE62-4D67-9B47-CDBB75C54652}"
EndProject
Global
	GlobalSection(SolutionConfigurationPlatforms) = preSolution
		Debug|Any CPU = Debug|Any CPU
		Release|Any CPU = Release|Any CPU
	EndGlobalSection
	GlobalSection(ProjectConfigurationPlatforms) = postSolution
		{AEDBE09C-DE62-4D67-9B47-CDBB75C54652}.Debug|Any CPU.ActiveCfg = Debug|Any CPU
		{AEDBE09C-DE62-4D67-9B47-CDBB75C54652}.Debug|Any CPU.Build.0 = Debug|Any CPU
		{AEDBE09C-DE62-4D67-9B47-CDBB75C54652}.Release|Any CPU.ActiveCfg = Release|Any CPU
		{AEDBE09C-DE62-4D67-9B47-CDBB75C54652}.Release|Any CPU.Build.0 = Release|Any CPU
	EndGlobalSection
	GlobalSection(SolutionProperties) = preSolution
		HideSolutionNode = FALSE
	EndGlobalSection
	GlobalSection(ExtensibilityGlobals) = postSolution
		SolutionGuid = {7135BEDC-D319-4688-9B98-99B380DEECAA}
	EndGlobalSection
EndGlobal
